// !$*UTF8*$!
{
	archiveVersion = 1;
	classes = {
	};
	objectVersion = 46;
	objects = {

/* Begin PBXBuildFile section */
		26BC8E901C34E13800D6AFB7 /* AppDelegate.swift in Sources */ = {isa = PBXBuildFile; fileRef = 26BC8E8F1C34E13800D6AFB7 /* AppDelegate.swift */; };
		26BC8E921C34E13800D6AFB7 /* ViewController.swift in Sources */ = {isa = PBXBuildFile; fileRef = 26BC8E911C34E13800D6AFB7 /* ViewController.swift */; };
		26BC8E951C34E13800D6AFB7 /* Main.storyboard in Resources */ = {isa = PBXBuildFile; fileRef = 26BC8E931C34E13800D6AFB7 /* Main.storyboard */; };
		26BC8E971C34E13800D6AFB7 /* Assets.xcassets in Resources */ = {isa = PBXBuildFile; fileRef = 26BC8E961C34E13800D6AFB7 /* Assets.xcassets */; };
		26BC8E9A1C34E13800D6AFB7 /* LaunchScreen.storyboard in Resources */ = {isa = PBXBuildFile; fileRef = 26BC8E981C34E13800D6AFB7 /* LaunchScreen.storyboard */; };
		26BC8EA21C34E2E900D6AFB7 /* pokemon.csv in Resources */ = {isa = PBXBuildFile; fileRef = 26BC8EA11C34E2E900D6AFB7 /* pokemon.csv */; };
		26BC8EA51C34E41A00D6AFB7 /* Pokemon.swift in Sources */ = {isa = PBXBuildFile; fileRef = 26BC8EA41C34E41A00D6AFB7 /* Pokemon.swift */; };
		26BC8EA71C34E81D00D6AFB7 /* pokemon.ttf in Resources */ = {isa = PBXBuildFile; fileRef = 26BC8EA61C34E81D00D6AFB7 /* pokemon.ttf */; };
		26BC8EA91C34E82600D6AFB7 /* music.mp3 in Resources */ = {isa = PBXBuildFile; fileRef = 26BC8EA81C34E82600D6AFB7 /* music.mp3 */; };
/* End PBXBuildFile section */

/* Begin PBXFileReference section */
		26BC8E8C1C34E13800D6AFB7 /* poke-index.app */ = {isa = PBXFileReference; explicitFileType = wrapper.application; includeInIndex = 0; path = "poke-index.app"; sourceTree = BUILT_PRODUCTS_DIR; };
		26BC8E8F1C34E13800D6AFB7 /* AppDelegate.swift */ = {isa = PBXFileReference; lastKnownFileType = sourcecode.swift; path = AppDelegate.swift; sourceTree = "<group>"; };
		26BC8E911C34E13800D6AFB7 /* ViewController.swift */ = {isa = PBXFileReference; lastKnownFileType = sourcecode.swift; path = ViewController.swift; sourceTree = "<group>"; };
		26BC8E941C34E13800D6AFB7 /* Base */ = {isa = PBXFileReference; lastKnownFileType = file.storyboard; name = Base; path = Base.lproj/Main.storyboard; sourceTree = "<group>"; };
		26BC8E961C34E13800D6AFB7 /* Assets.xcassets */ = {isa = PBXFileReference; lastKnownFileType = folder.assetcatalog; path = Assets.xcassets; sourceTree = "<group>"; };
		26BC8E991C34E13800D6AFB7 /* Base */ = {isa = PBXFileReference; lastKnownFileType = file.storyboard; name = Base; path = Base.lproj/LaunchScreen.storyboard; sourceTree = "<group>"; };
		26BC8E9B1C34E13800D6AFB7 /* Info.plist */ = {isa = PBXFileReference; lastKnownFileType = text.plist.xml; path = Info.plist; sourceTree = "<group>"; };
		26BC8EA11C34E2E900D6AFB7 /* pokemon.csv */ = {isa = PBXFileReference; fileEncoding = 4; lastKnownFileType = text; path = pokemon.csv; sourceTree = "<group>"; };
		26BC8EA41C34E41A00D6AFB7 /* Pokemon.swift */ = {isa = PBXFileReference; fileEncoding = 4; lastKnownFileType = sourcecode.swift; path = Pokemon.swift; sourceTree = "<group>"; };
		26BC8EA61C34E81D00D6AFB7 /* pokemon.ttf */ = {isa = PBXFileReference; fileEncoding = 4; lastKnownFileType = text; path = pokemon.ttf; sourceTree = "<group>"; };
		26BC8EA81C34E82600D6AFB7 /* music.mp3 */ = {isa = PBXFileReference; lastKnownFileType = audio.mp3; path = music.mp3; sourceTree = "<group>"; };
/* End PBXFileReference section */

/* Begin PBXFrameworksBuildPhase section */
		26BC8E891C34E13800D6AFB7 /* Frameworks */ = {
			isa = PBXFrameworksBuildPhase;
			buildActionMask = 2147483647;
			files = (
			);
			runOnlyForDeploymentPostprocessing = 0;
		};
/* End PBXFrameworksBuildPhase section */

/* Begin PBXGroup section */
		26BC8E831C34E13800D6AFB7 = {
			isa = PBXGroup;
			children = (
				26BC8E8E1C34E13800D6AFB7 /* poke-index */,
				26BC8E8D1C34E13800D6AFB7 /* Products */,
			);
			sourceTree = "<group>";
		};
		26BC8E8D1C34E13800D6AFB7 /* Products */ = {
			isa = PBXGroup;
			children = (
				26BC8E8C1C34E13800D6AFB7 /* poke-index.app */,
			);
			name = Products;
			sourceTree = "<group>";
		};
		26BC8E8E1C34E13800D6AFB7 /* poke-index */ = {
			isa = PBXGroup;
			children = (
				26BC8EA31C34E3F100D6AFB7 /* Model */,
				26BC8E8F1C34E13800D6AFB7 /* AppDelegate.swift */,
				26BC8E911C34E13800D6AFB7 /* ViewController.swift */,
				26BC8E931C34E13800D6AFB7 /* Main.storyboard */,
				26BC8E961C34E13800D6AFB7 /* Assets.xcassets */,
				26BC8E981C34E13800D6AFB7 /* LaunchScreen.storyboard */,
				26BC8EA11C34E2E900D6AFB7 /* pokemon.csv */,
				26BC8EA61C34E81D00D6AFB7 /* pokemon.ttf */,
				26BC8EA81C34E82600D6AFB7 /* music.mp3 */,
				26BC8E9B1C34E13800D6AFB7 /* Info.plist */,
			);
			path = "poke-index";
			sourceTree = "<group>";
		};
		26BC8EA31C34E3F100D6AFB7 /* Model */ = {
			isa = PBXGroup;
			children = (
				26BC8EA41C34E41A00D6AFB7 /* Pokemon.swift */,
			);
			name = Model;
			sourceTree = "<group>";
		};
/* End PBXGroup section */

/* Begin PBXNativeTarget section */
		26BC8E8B1C34E13800D6AFB7 /* poke-index */ = {
			isa = PBXNativeTarget;
			buildConfigurationList = 26BC8E9E1C34E13800D6AFB7 /* Build configuration list for PBXNativeTarget "poke-index" */;
			buildPhases = (
				26BC8E881C34E13800D6AFB7 /* Sources */,
				26BC8E891C34E13800D6AFB7 /* Frameworks */,
				26BC8E8A1C34E13800D6AFB7 /* Resources */,
			);
			buildRules = (
			);
			dependencies = (
			);
			name = "poke-index";
			productName = "poke-index";
			productReference = 26BC8E8C1C34E13800D6AFB7 /* poke-index.app */;
			productType = "com.apple.product-type.application";
		};
/* End PBXNativeTarget section */

/* Begin PBXProject section */
		26BC8E841C34E13800D6AFB7 /* Project object */ = {
			isa = PBXProject;
			attributes = {
				LastSwiftUpdateCheck = 0720;
				LastUpgradeCheck = 0720;
				ORGANIZATIONNAME = "Maynesoft LLC";
				TargetAttributes = {
					26BC8E8B1C34E13800D6AFB7 = {
						CreatedOnToolsVersion = 7.2;
					};
				};
			};
			buildConfigurationList = 26BC8E871C34E13800D6AFB7 /* Build configuration list for PBXProject "poke-index" */;
			compatibilityVersion = "Xcode 3.2";
			developmentRegion = English;
			hasScannedForEncodings = 0;
			knownRegions = (
				en,
				Base,
			);
			mainGroup = 26BC8E831C34E13800D6AFB7;
			productRefGroup = 26BC8E8D1C34E13800D6AFB7 /* Products */;
			projectDirPath = "";
			projectRoot = "";
			targets = (
				26BC8E8B1C34E13800D6AFB7 /* poke-index */,
			);
		};
/* End PBXProject section */

/* Begin PBXResourcesBuildPhase section */
		26BC8E8A1C34E13800D6AFB7 /* Resources */ = {
			isa = PBXResourcesBuildPhase;
			buildActionMask = 2147483647;
			files = (
				26BC8EA71C34E81D00D6AFB7 /* pokemon.ttf in Resources */,
				26BC8E9A1C34E13800D6AFB7 /* LaunchScreen.storyboard in Resources */,
				26BC8EA91C34E82600D6AFB7 /* music.mp3 in Resources */,
				26BC8E971C34E13800D6AFB7 /* Assets.xcassets in Resources */,
				26BC8EA21C34E2E900D6AFB7 /* pokemon.csv in Resources */,
				26BC8E951C34E13800D6AFB7 /* Main.storyboard in Resources */,
			);
			runOnlyForDeploymentPostprocessing = 0;
		};
/* End PBXResourcesBuildPhase section */

/* Begin PBXSourcesBuildPhase section */
		26BC8E881C34E13800D6AFB7 /* Sources */ = {
			isa = PBXSourcesBuildPhase;
			buildActionMask = 2147483647;
			files = (
				26BC8E921C34E13800D6AFB7 /* ViewController.swift in Sources */,
				26BC8E901C34E13800D6AFB7 /* AppDelegate.swift in Sources */,
				26BC8EA51C34E41A00D6AFB7 /* Pokemon.swift in Sources */,
			);
			runOnlyForDeploymentPostprocessing = 0;
		};
/* End PBXSourcesBuildPhase section */

/* Begin PBXVariantGroup section */
		26BC8E931C34E13800D6AFB7 /* Main.storyboard */ = {
			isa = PBXVariantGroup;
			children = (
				26BC8E941C34E13800D6AFB7 /* Base */,
			);
			name = Main.storyboard;
			sourceTree = "<group>";
		};
		26BC8E981C34E13800D6AFB7 /* LaunchScreen.storyboard */ = {
			isa = PBXVariantGroup;
			children = (
				26BC8E991C34E13800D6AFB7 /* Base */,
			);
			name = LaunchScreen.storyboard;
			sourceTree = "<group>";
		};
/* End PBXVariantGroup section */

/* Begin XCBuildConfiguration section */
		26BC8E9C1C34E13800D6AFB7 /* Debug */ = {
			isa = XCBuildConfiguration;
			buildSettings = {
				ALWAYS_SEARCH_USER_PATHS = NO;
				CLANG_CXX_LANGUAGE_STANDARD = "gnu++0x";
				CLANG_CXX_LIBRARY = "libc++";
				CLANG_ENABLE_MODULES = YES;
				CLANG_ENABLE_OBJC_ARC = YES;
				CLANG_WARN_BOOL_CONVERSION = YES;
				CLANG_WARN_CONSTANT_CONVERSION = YES;
				CLANG_WARN_DIRECT_OBJC_ISA_USAGE = YES_ERROR;
				CLANG_WARN_EMPTY_BODY = YES;
				CLANG_WARN_ENUM_CONVERSION = YES;
				CLANG_WARN_INT_CONVERSION = YES;
				CLANG_WARN_OBJC_ROOT_CLASS = YES_ERROR;
				CLANG_WARN_UNREACHABLE_CODE = YES;
				CLANG_WARN__DUPLICATE_METHOD_MATCH = YES;
				"CODE_SIGN_IDENTITY[sdk=iphoneos*]" = "iPhone Developer";
				COPY_PHASE_STRIP = NO;
				DEBUG_INFORMATION_FORMAT = dwarf;
				ENABLE_STRICT_OBJC_MSGSEND = YES;
				ENABLE_TESTABILITY = YES;
				GCC_C_LANGUAGE_STANDARD = gnu99;
				GCC_DYNAMIC_NO_PIC = NO;
				GCC_NO_COMMON_BLOCKS = YES;
				GCC_OPTIMIZATION_LEVEL = 0;
				GCC_PREPROCESSOR_DEFINITIONS = (
					"DEBUG=1",
					"$(inherited)",
				);
				GCC_WARN_64_TO_32_BIT_CONVERSION = YES;
				GCC_WARN_ABOUT_RETURN_TYPE = YES_ERROR;
				GCC_WARN_UNDECLARED_SELECTOR = YES;
				GCC_WARN_UNINITIALIZED_AUTOS = YES_AGGRESSIVE;
				GCC_WARN_UNUSED_FUNCTION = YES;
				GCC_WARN_UNUSED_VARIABLE = YES;
				IPHONEOS_DEPLOYMENT_TARGET = 9.2;
				MTL_ENABLE_DEBUG_INFO = YES;
				ONLY_ACTIVE_ARCH = YES;
				SDKROOT = iphoneos;
				SWIFT_OPTIMIZATION_LEVEL = "-Onone";
				TARGETED_DEVICE_FAMILY = "1,2";
			};
			name = Debug;
		};
		26BC8E9D1C34E13800D6AFB7 /* Release */ = {
			isa = XCBuildConfiguration;
			buildSettings = {
				ALWAYS_SEARCH_USER_PATHS = NO;
				CLANG_CXX_LANGUAGE_STANDARD = "gnu++0x";
				CLANG_CXX_LIBRARY = "libc++";
				CLANG_ENABLE_MODULES = YES;
				CLANG_ENABLE_OBJC_ARC = YES;
				CLANG_WARN_BOOL_CONVERSION = YES;
				CLANG_WARN_CONSTANT_CONVERSION = YES;
				CLANG_WARN_DIRECT_OBJC_ISA_USAGE = YES_ERROR;
				CLANG_WARN_EMPTY_BODY = YES;
				CLANG_WARN_ENUM_CONVERSION = YES;
				CLANG_WARN_INT_CONVERSION = YES;
				CLANG_WARN_OBJC_ROOT_CLASS = YES_ERROR;
				CLANG_WARN_UNREACHABLE_CODE = YES;
				CLANG_WARN__DUPLICATE_METHOD_MATCH = YES;
				"CODE_SIGN_IDENTITY[sdk=iphoneos*]" = "iPhone Developer";
				COPY_PHASE_STRIP = NO;
				DEBUG_INFORMATION_FORMAT = "dwarf-with-dsym";
				ENABLE_NS_ASSERTIONS = NO;
				ENABLE_STRICT_OBJC_MSGSEND = YES;
				GCC_C_LANGUAGE_STANDARD = gnu99;
				GCC_NO_COMMON_BLOCKS = YES;
				GCC_WARN_64_TO_32_BIT_CONVERSION = YES;
				GCC_WARN_ABOUT_RETURN_TYPE = YES_ERROR;
				GCC_WARN_UNDECLARED_SELECTOR = YES;
				GCC_WARN_UNINITIALIZED_AUTOS = YES_AGGRESSIVE;
				GCC_WARN_UNUSED_FUNCTION = YES;
				GCC_WARN_UNUSED_VARIABLE = YES;
				IPHONEOS_DEPLOYMENT_TARGET = 9.2;
				MTL_ENABLE_DEBUG_INFO = NO;
				SDKROOT = iphoneos;
				TARGETED_DEVICE_FAMILY = "1,2";
				VALIDATE_PRODUCT = YES;
			};
			name = Release;
		};
		26BC8E9F1C34E13800D6AFB7 /* Debug */ = {
			isa = XCBuildConfiguration;
			buildSettings = {
				ASSETCATALOG_COMPILER_APPICON_NAME = AppIcon;
				INFOPLIST_FILE = "poke-index/Info.plist";
				LD_RUNPATH_SEARCH_PATHS = "$(inherited) @executable_path/Frameworks";
				PRODUCT_BUNDLE_IDENTIFIER = "com.maynesoft.poke-index";
				PRODUCT_NAME = "$(TARGET_NAME)";
			};
			name = Debug;
		};
		26BC8EA01C34E13800D6AFB7 /* Release */ = {
			isa = XCBuildConfiguration;
			buildSettings = {
				ASSETCATALOG_COMPILER_APPICON_NAME = AppIcon;
				INFOPLIST_FILE = "poke-index/Info.plist";
				LD_RUNPATH_SEARCH_PATHS = "$(inherited) @executable_path/Frameworks";
				PRODUCT_BUNDLE_IDENTIFIER = "com.maynesoft.poke-index";
				PRODUCT_NAME = "$(TARGET_NAME)";
			};
			name = Release;
		};
/* End XCBuildConfiguration section */

/* Begin XCConfigurationList section */
		26BC8E871C34E13800D6AFB7 /* Build configuration list for PBXProject "poke-index" */ = {
			isa = XCConfigurationList;
			buildConfigurations = (
				26BC8E9C1C34E13800D6AFB7 /* Debug */,
				26BC8E9D1C34E13800D6AFB7 /* Release */,
			);
			defaultConfigurationIsVisible = 0;
			defaultConfigurationName = Release;
		};
		26BC8E9E1C34E13800D6AFB7 /* Build configuration list for PBXNativeTarget "poke-index" */ = {
			isa = XCConfigurationList;
			buildConfigurations = (
				26BC8E9F1C34E13800D6AFB7 /* Debug */,
				26BC8EA01C34E13800D6AFB7 /* Release */,
			);
			defaultConfigurationIsVisible = 0;
		};
/* End XCConfigurationList section */
	};
	rootObject = 26BC8E841C34E13800D6AFB7 /* Project object */;
}
